// !$*UTF8*$!
{
	archiveVersion = 1;
	classes = {
	};
	objectVersion = 56;
	objects = {

/* Begin PBXBuildFile section */
		AB4659B029898C6500FE3751 /* moreSumsApp.swift in Sources */ = {isa = PBXBuildFile; fileRef = AB4659AF29898C6500FE3751 /* moreSumsApp.swift */; };
		AB4659B229898C6500FE3751 /* ContentView.swift in Sources */ = {isa = PBXBuildFile; fileRef = AB4659B129898C6500FE3751 /* ContentView.swift */; };
		AB4659B429898C6600FE3751 /* Assets.xcassets in Resources */ = {isa = PBXBuildFile; fileRef = AB4659B329898C6600FE3751 /* Assets.xcassets */; };
		AB4659B829898C6600FE3751 /* Preview Assets.xcassets in Resources */ = {isa = PBXBuildFile; fileRef = AB4659B729898C6600FE3751 /* Preview Assets.xcassets */; };
		AB4659C229898C6600FE3751 /* moreSumsTests.swift in Sources */ = {isa = PBXBuildFile; fileRef = AB4659C129898C6600FE3751 /* moreSumsTests.swift */; };
		AB4659CC29898C6600FE3751 /* moreSumsUITests.swift in Sources */ = {isa = PBXBuildFile; fileRef = AB4659CB29898C6600FE3751 /* moreSumsUITests.swift */; };
		AB4659CE29898C6600FE3751 /* moreSumsUITestsLaunchTests.swift in Sources */ = {isa = PBXBuildFile; fileRef = AB4659CD29898C6600FE3751 /* moreSumsUITestsLaunchTests.swift */; };
		AB4659DB29898FFF00FE3751 /* sup.swift in Sources */ = {isa = PBXBuildFile; fileRef = AB4659DA29898FFF00FE3751 /* sup.swift */; };
		AB4659DC29898FFF00FE3751 /* sup.swift in Sources */ = {isa = PBXBuildFile; fileRef = AB4659DA29898FFF00FE3751 /* sup.swift */; };
		AB4659DD29898FFF00FE3751 /* sup.swift in Sources */ = {isa = PBXBuildFile; fileRef = AB4659DA29898FFF00FE3751 /* sup.swift */; };
		AB4659E12989944300FE3751 /* sDown.swift in Sources */ = {isa = PBXBuildFile; fileRef = AB4659E02989944300FE3751 /* sDown.swift */; };
		AB4659E22989944300FE3751 /* sDown.swift in Sources */ = {isa = PBXBuildFile; fileRef = AB4659E02989944300FE3751 /* sDown.swift */; };
		AB4659E32989944300FE3751 /* sDown.swift in Sources */ = {isa = PBXBuildFile; fileRef = AB4659E02989944300FE3751 /* sDown.swift */; };
/* End PBXBuildFile section */

/* Begin PBXContainerItemProxy section */
		AB4659BE29898C6600FE3751 /* PBXContainerItemProxy */ = {
			isa = PBXContainerItemProxy;
			containerPortal = AB4659A429898C6500FE3751 /* Project object */;
			proxyType = 1;
			remoteGlobalIDString = AB4659AB29898C6500FE3751;
			remoteInfo = moreSums;
		};
		AB4659C829898C6600FE3751 /* PBXContainerItemProxy */ = {
			isa = PBXContainerItemProxy;
			containerPortal = AB4659A429898C6500FE3751 /* Project object */;
			proxyType = 1;
			remoteGlobalIDString = AB4659AB29898C6500FE3751;
			remoteInfo = moreSums;
		};
/* End PBXContainerItemProxy section */

/* Begin PBXFileReference section */
		AB4659AC29898C6500FE3751 /* moreSums.app */ = {isa = PBXFileReference; explicitFileType = wrapper.application; includeInIndex = 0; path = moreSums.app; sourceTree = BUILT_PRODUCTS_DIR; };
		AB4659AF29898C6500FE3751 /* moreSumsApp.swift */ = {isa = PBXFileReference; lastKnownFileType = sourcecode.swift; path = moreSumsApp.swift; sourceTree = "<group>"; };
		AB4659B129898C6500FE3751 /* ContentView.swift */ = {isa = PBXFileReference; lastKnownFileType = sourcecode.swift; path = ContentView.swift; sourceTree = "<group>"; };
		AB4659B329898C6600FE3751 /* Assets.xcassets */ = {isa = PBXFileReference; lastKnownFileType = folder.assetcatalog; path = Assets.xcassets; sourceTree = "<group>"; };
		AB4659B529898C6600FE3751 /* moreSums.entitlements */ = {isa = PBXFileReference; lastKnownFileType = text.plist.entitlements; path = moreSums.entitlements; sourceTree = "<group>"; };
		AB4659B729898C6600FE3751 /* Preview Assets.xcassets */ = {isa = PBXFileReference; lastKnownFileType = folder.assetcatalog; path = "Preview Assets.xcassets"; sourceTree = "<group>"; };
		AB4659BD29898C6600FE3751 /* moreSumsTests.xctest */ = {isa = PBXFileReference; explicitFileType = wrapper.cfbundle; includeInIndex = 0; path = moreSumsTests.xctest; sourceTree = BUILT_PRODUCTS_DIR; };
		AB4659C129898C6600FE3751 /* moreSumsTests.swift */ = {isa = PBXFileReference; lastKnownFileType = sourcecode.swift; path = moreSumsTests.swift; sourceTree = "<group>"; };
		AB4659C729898C6600FE3751 /* moreSumsUITests.xctest */ = {isa = PBXFileReference; explicitFileType = wrapper.cfbundle; includeInIndex = 0; path = moreSumsUITests.xctest; sourceTree = BUILT_PRODUCTS_DIR; };
		AB4659CB29898C6600FE3751 /* moreSumsUITests.swift */ = {isa = PBXFileReference; lastKnownFileType = sourcecode.swift; path = moreSumsUITests.swift; sourceTree = "<group>"; };
		AB4659CD29898C6600FE3751 /* moreSumsUITestsLaunchTests.swift */ = {isa = PBXFileReference; lastKnownFileType = sourcecode.swift; path = moreSumsUITestsLaunchTests.swift; sourceTree = "<group>"; };
		AB4659DA29898FFF00FE3751 /* sup.swift */ = {isa = PBXFileReference; lastKnownFileType = sourcecode.swift; path = sup.swift; sourceTree = "<group>"; };
		AB4659E02989944300FE3751 /* sDown.swift */ = {isa = PBXFileReference; lastKnownFileType = sourcecode.swift; path = sDown.swift; sourceTree = "<group>"; };
/* End PBXFileReference section */

/* Begin PBXFrameworksBuildPhase section */
		AB4659A929898C6500FE3751 /* Frameworks */ = {
			isa = PBXFrameworksBuildPhase;
			buildActionMask = 2147483647;
			files = (
			);
			runOnlyForDeploymentPostprocessing = 0;
		};
		AB4659BA29898C6600FE3751 /* Frameworks */ = {
			isa = PBXFrameworksBuildPhase;
			buildActionMask = 2147483647;
			files = (
			);
			runOnlyForDeploymentPostprocessing = 0;
		};
		AB4659C429898C6600FE3751 /* Frameworks */ = {
			isa = PBXFrameworksBuildPhase;
			buildActionMask = 2147483647;
			files = (
			);
			runOnlyForDeploymentPostprocessing = 0;
		};
/* End PBXFrameworksBuildPhase section */

/* Begin PBXGroup section */
		AB4659A329898C6500FE3751 = {
			isa = PBXGroup;
			children = (
				AB4659AE29898C6500FE3751 /* moreSums */,
				AB4659C029898C6600FE3751 /* moreSumsTests */,
				AB4659CA29898C6600FE3751 /* moreSumsUITests */,
				AB4659AD29898C6500FE3751 /* Products */,
			);
			sourceTree = "<group>";
		};
		AB4659AD29898C6500FE3751 /* Products */ = {
			isa = PBXGroup;
			children = (
				AB4659AC29898C6500FE3751 /* moreSums.app */,
				AB4659BD29898C6600FE3751 /* moreSumsTests.xctest */,
				AB4659C729898C6600FE3751 /* moreSumsUITests.xctest */,
			);
			name = Products;
			sourceTree = "<group>";
		};
		AB4659AE29898C6500FE3751 /* moreSums */ = {
			isa = PBXGroup;
			children = (
				AB4659AF29898C6500FE3751 /* moreSumsApp.swift */,
				AB4659B129898C6500FE3751 /* ContentView.swift */,
				AB4659DA29898FFF00FE3751 /* sup.swift */,
				AB4659E02989944300FE3751 /* sDown.swift */,
				AB4659B329898C6600FE3751 /* Assets.xcassets */,
				AB4659B529898C6600FE3751 /* moreSums.entitlements */,
				AB4659B629898C6600FE3751 /* Preview Content */,
			);
			path = moreSums;
			sourceTree = "<group>";
		};
		AB4659B629898C6600FE3751 /* Preview Content */ = {
			isa = PBXGroup;
			children = (
				AB4659B729898C6600FE3751 /* Preview Assets.xcassets */,
			);
			path = "Preview Content";
			sourceTree = "<group>";
		};
		AB4659C029898C6600FE3751 /* moreSumsTests */ = {
			isa = PBXGroup;
			children = (
				AB4659C129898C6600FE3751 /* moreSumsTests.swift */,
			);
			path = moreSumsTests;
			sourceTree = "<group>";
		};
		AB4659CA29898C6600FE3751 /* moreSumsUITests */ = {
			isa = PBXGroup;
			children = (
				AB4659CB29898C6600FE3751 /* moreSumsUITests.swift */,
				AB4659CD29898C6600FE3751 /* moreSumsUITestsLaunchTests.swift */,
			);
			path = moreSumsUITests;
			sourceTree = "<group>";
		};
/* End PBXGroup section */

/* Begin PBXNativeTarget section */
		AB4659AB29898C6500FE3751 /* moreSums */ = {
			isa = PBXNativeTarget;
			buildConfigurationList = AB4659D129898C6600FE3751 /* Build configuration list for PBXNativeTarget "moreSums" */;
			buildPhases = (
				AB4659A829898C6500FE3751 /* Sources */,
				AB4659A929898C6500FE3751 /* Frameworks */,
				AB4659AA29898C6500FE3751 /* Resources */,
			);
			buildRules = (
			);
			dependencies = (
			);
			name = moreSums;
			productName = moreSums;
			productReference = AB4659AC29898C6500FE3751 /* moreSums.app */;
			productType = "com.apple.product-type.application";
		};
		AB4659BC29898C6600FE3751 /* moreSumsTests */ = {
			isa = PBXNativeTarget;
			buildConfigurationList = AB4659D429898C6600FE3751 /* Build configuration list for PBXNativeTarget "moreSumsTests" */;
			buildPhases = (
				AB4659B929898C6600FE3751 /* Sources */,
				AB4659BA29898C6600FE3751 /* Frameworks */,
				AB4659BB29898C6600FE3751 /* Resources */,
			);
			buildRules = (
			);
			dependencies = (
				AB4659BF29898C6600FE3751 /* PBXTargetDependency */,
			);
			name = moreSumsTests;
			productName = moreSumsTests;
			productReference = AB4659BD29898C6600FE3751 /* moreSumsTests.xctest */;
			productType = "com.apple.product-type.bundle.unit-test";
		};
		AB4659C629898C6600FE3751 /* moreSumsUITests */ = {
			isa = PBXNativeTarget;
			buildConfigurationList = AB4659D729898C6600FE3751 /* Build configuration list for PBXNativeTarget "moreSumsUITests" */;
			buildPhases = (
				AB4659C329898C6600FE3751 /* Sources */,
				AB4659C429898C6600FE3751 /* Frameworks */,
				AB4659C529898C6600FE3751 /* Resources */,
			);
			buildRules = (
			);
			dependencies = (
				AB4659C929898C6600FE3751 /* PBXTargetDependency */,
			);
			name = moreSumsUITests;
			productName = moreSumsUITests;
			productReference = AB4659C729898C6600FE3751 /* moreSumsUITests.xctest */;
			productType = "com.apple.product-type.bundle.ui-testing";
		};
/* End PBXNativeTarget section */

/* Begin PBXProject section */
		AB4659A429898C6500FE3751 /* Project object */ = {
			isa = PBXProject;
			attributes = {
				BuildIndependentTargetsInParallel = 1;
				LastSwiftUpdateCheck = 1420;
				LastUpgradeCheck = 1420;
				TargetAttributes = {
					AB4659AB29898C6500FE3751 = {
						CreatedOnToolsVersion = 14.2;
					};
					AB4659BC29898C6600FE3751 = {
						CreatedOnToolsVersion = 14.2;
						TestTargetID = AB4659AB29898C6500FE3751;
					};
					AB4659C629898C6600FE3751 = {
						CreatedOnToolsVersion = 14.2;
						TestTargetID = AB4659AB29898C6500FE3751;
					};
				};
			};
			buildConfigurationList = AB4659A729898C6500FE3751 /* Build configuration list for PBXProject "moreSums" */;
			compatibilityVersion = "Xcode 14.0";
			developmentRegion = en;
			hasScannedForEncodings = 0;
			knownRegions = (
				en,
				Base,
			);
			mainGroup = AB4659A329898C6500FE3751;
			productRefGroup = AB4659AD29898C6500FE3751 /* Products */;
			projectDirPath = "";
			projectRoot = "";
			targets = (
				AB4659AB29898C6500FE3751 /* moreSums */,
				AB4659BC29898C6600FE3751 /* moreSumsTests */,
				AB4659C629898C6600FE3751 /* moreSumsUITests */,
			);
		};
/* End PBXProject section */

/* Begin PBXResourcesBuildPhase section */
		AB4659AA29898C6500FE3751 /* Resources */ = {
			isa = PBXResourcesBuildPhase;
			buildActionMask = 2147483647;
			files = (
				AB4659B829898C6600FE3751 /* Preview Assets.xcassets in Resources */,
				AB4659B429898C6600FE3751 /* Assets.xcassets in Resources */,
			);
			runOnlyForDeploymentPostprocessing = 0;
		};
		AB4659BB29898C6600FE3751 /* Resources */ = {
			isa = PBXResourcesBuildPhase;
			buildActionMask = 2147483647;
			files = (
			);
			runOnlyForDeploymentPostprocessing = 0;
		};
		AB4659C529898C6600FE3751 /* Resources */ = {
			isa = PBXResourcesBuildPhase;
			buildActionMask = 2147483647;
			files = (
			);
			runOnlyForDeploymentPostprocessing = 0;
		};
/* End PBXResourcesBuildPhase section */

/* Begin PBXSourcesBuildPhase section */
		AB4659A829898C6500FE3751 /* Sources */ = {
			isa = PBXSourcesBuildPhase;
			buildActionMask = 2147483647;
			files = (
				AB4659B229898C6500FE3751 /* ContentView.swift in Sources */,
				AB4659E12989944300FE3751 /* sDown.swift in Sources */,
				AB4659DB29898FFF00FE3751 /* sup.swift in Sources */,
				AB4659B029898C6500FE3751 /* moreSumsApp.swift in Sources */,
			);
			runOnlyForDeploymentPostprocessing = 0;
		};
		AB4659B929898C6600FE3751 /* Sources */ = {
			isa = PBXSourcesBuildPhase;
			buildActionMask = 2147483647;
			files = (
				AB4659DC29898FFF00FE3751 /* sup.swift in Sources */,
				AB4659C229898C6600FE3751 /* moreSumsTests.swift in Sources */,
				AB4659E22989944300FE3751 /* sDown.swift in Sources */,
			);
			runOnlyForDeploymentPostprocessing = 0;
		};
		AB4659C329898C6600FE3751 /* Sources */ = {
			isa = PBXSourcesBuildPhase;
			buildActionMask = 2147483647;
			files = (
				AB4659CE29898C6600FE3751 /* moreSumsUITestsLaunchTests.swift in Sources */,
				AB4659E32989944300FE3751 /* sDown.swift in Sources */,
				AB4659DD29898FFF00FE3751 /* sup.swift in Sources */,
				AB4659CC29898C6600FE3751 /* moreSumsUITests.swift in Sources */,
			);
			runOnlyForDeploymentPostprocessing = 0;
		};
/* End PBXSourcesBuildPhase section */

/* Begin PBXTargetDependency section */
		AB4659BF29898C6600FE3751 /* PBXTargetDependency */ = {
			isa = PBXTargetDependency;
			target = AB4659AB29898C6500FE3751 /* moreSums */;
			targetProxy = AB4659BE29898C6600FE3751 /* PBXContainerItemProxy */;
		};
		AB4659C929898C6600FE3751 /* PBXTargetDependency */ = {
			isa = PBXTargetDependency;
			target = AB4659AB29898C6500FE3751 /* moreSums */;
			targetProxy = AB4659C829898C6600FE3751 /* PBXContainerItemProxy */;
		};
/* End PBXTargetDependency section */

/* Begin XCBuildConfiguration section */
		AB4659CF29898C6600FE3751 /* Debug */ = {
			isa = XCBuildConfiguration;
			buildSettings = {
				ALWAYS_SEARCH_USER_PATHS = NO;
				CLANG_ANALYZER_NONNULL = YES;
				CLANG_ANALYZER_NUMBER_OBJECT_CONVERSION = YES_AGGRESSIVE;
				CLANG_CXX_LANGUAGE_STANDARD = "gnu++20";
				CLANG_ENABLE_MODULES = YES;
				CLANG_ENABLE_OBJC_ARC = YES;
				CLANG_ENABLE_OBJC_WEAK = YES;
				CLANG_WARN_BLOCK_CAPTURE_AUTORELEASING = YES;
				CLANG_WARN_BOOL_CONVERSION = YES;
				CLANG_WARN_COMMA = YES;
				CLANG_WARN_CONSTANT_CONVERSION = YES;
				CLANG_WARN_DEPRECATED_OBJC_IMPLEMENTATIONS = YES;
				CLANG_WARN_DIRECT_OBJC_ISA_USAGE = YES_ERROR;
				CLANG_WARN_DOCUMENTATION_COMMENTS = YES;
				CLANG_WARN_EMPTY_BODY = YES;
				CLANG_WARN_ENUM_CONVERSION = YES;
				CLANG_WARN_INFINITE_RECURSION = YES;
				CLANG_WARN_INT_CONVERSION = YES;
				CLANG_WARN_NON_LITERAL_NULL_CONVERSION = YES;
				CLANG_WARN_OBJC_IMPLICIT_RETAIN_SELF = YES;
				CLANG_WARN_OBJC_LITERAL_CONVERSION = YES;
				CLANG_WARN_OBJC_ROOT_CLASS = YES_ERROR;
				CLANG_WARN_QUOTED_INCLUDE_IN_FRAMEWORK_HEADER = YES;
				CLANG_WARN_RANGE_LOOP_ANALYSIS = YES;
				CLANG_WARN_STRICT_PROTOTYPES = YES;
				CLANG_WARN_SUSPICIOUS_MOVE = YES;
				CLANG_WARN_UNGUARDED_AVAILABILITY = YES_AGGRESSIVE;
				CLANG_WARN_UNREACHABLE_CODE = YES;
				CLANG_WARN__DUPLICATE_METHOD_MATCH = YES;
				COPY_PHASE_STRIP = NO;
				DEBUG_INFORMATION_FORMAT = dwarf;
				ENABLE_STRICT_OBJC_MSGSEND = YES;
				ENABLE_TESTABILITY = YES;
				GCC_C_LANGUAGE_STANDARD = gnu11;
				GCC_DYNAMIC_NO_PIC = NO;
				GCC_NO_COMMON_BLOCKS = YES;
				GCC_OPTIMIZATION_LEVEL = 0;
				GCC_PREPROCESSOR_DEFINITIONS = (
					"DEBUG=1",
					"$(inherited)",
				);
				GCC_WARN_64_TO_32_BIT_CONVERSION = YES;
				GCC_WARN_ABOUT_RETURN_TYPE = YES_ERROR;
				GCC_WARN_UNDECLARED_SELECTOR = YES;
				GCC_WARN_UNINITIALIZED_AUTOS = YES_AGGRESSIVE;
				GCC_WARN_UNUSED_FUNCTION = YES;
				GCC_WARN_UNUSED_VARIABLE = YES;
				MTL_ENABLE_DEBUG_INFO = INCLUDE_SOURCE;
				MTL_FAST_MATH = YES;
				ONLY_ACTIVE_ARCH = YES;
				SWIFT_ACTIVE_COMPILATION_CONDITIONS = DEBUG;
				SWIFT_OPTIMIZATION_LEVEL = "-Onone";
			};
			name = Debug;
		};
		AB4659D029898C6600FE3751 /* Release */ = {
			isa = XCBuildConfiguration;
			buildSettings = {
				ALWAYS_SEARCH_USER_PATHS = NO;
				CLANG_ANALYZER_NONNULL = YES;
				CLANG_ANALYZER_NUMBER_OBJECT_CONVERSION = YES_AGGRESSIVE;
				CLANG_CXX_LANGUAGE_STANDARD = "gnu++20";
				CLANG_ENABLE_MODULES = YES;
				CLANG_ENABLE_OBJC_ARC = YES;
				CLANG_ENABLE_OBJC_WEAK = YES;
				CLANG_WARN_BLOCK_CAPTURE_AUTORELEASING = YES;
				CLANG_WARN_BOOL_CONVERSION = YES;
				CLANG_WARN_COMMA = YES;
				CLANG_WARN_CONSTANT_CONVERSION = YES;
				CLANG_WARN_DEPRECATED_OBJC_IMPLEMENTATIONS = YES;
				CLANG_WARN_DIRECT_OBJC_ISA_USAGE = YES_ERROR;
				CLANG_WARN_DOCUMENTATION_COMMENTS = YES;
				CLANG_WARN_EMPTY_BODY = YES;
				CLANG_WARN_ENUM_CONVERSION = YES;
				CLANG_WARN_INFINITE_RECURSION = YES;
				CLANG_WARN_INT_CONVERSION = YES;
				CLANG_WARN_NON_LITERAL_NULL_CONVERSION = YES;
				CLANG_WARN_OBJC_IMPLICIT_RETAIN_SELF = YES;
				CLANG_WARN_OBJC_LITERAL_CONVERSION = YES;
				CLANG_WARN_OBJC_ROOT_CLASS = YES_ERROR;
				CLANG_WARN_QUOTED_INCLUDE_IN_FRAMEWORK_HEADER = YES;
				CLANG_WARN_RANGE_LOOP_ANALYSIS = YES;
				CLANG_WARN_STRICT_PROTOTYPES = YES;
				CLANG_WARN_SUSPICIOUS_MOVE = YES;
				CLANG_WARN_UNGUARDED_AVAILABILITY = YES_AGGRESSIVE;
				CLANG_WARN_UNREACHABLE_CODE = YES;
				CLANG_WARN__DUPLICATE_METHOD_MATCH = YES;
				COPY_PHASE_STRIP = NO;
				DEBUG_INFORMATION_FORMAT = "dwarf-with-dsym";
				ENABLE_NS_ASSERTIONS = NO;
				ENABLE_STRICT_OBJC_MSGSEND = YES;
				GCC_C_LANGUAGE_STANDARD = gnu11;
				GCC_NO_COMMON_BLOCKS = YES;
				GCC_WARN_64_TO_32_BIT_CONVERSION = YES;
				GCC_WARN_ABOUT_RETURN_TYPE = YES_ERROR;
				GCC_WARN_UNDECLARED_SELECTOR = YES;
				GCC_WARN_UNINITIALIZED_AUTOS = YES_AGGRESSIVE;
				GCC_WARN_UNUSED_FUNCTION = YES;
				GCC_WARN_UNUSED_VARIABLE = YES;
				MTL_ENABLE_DEBUG_INFO = NO;
				MTL_FAST_MATH = YES;
				SWIFT_COMPILATION_MODE = wholemodule;
				SWIFT_OPTIMIZATION_LEVEL = "-O";
			};
			name = Release;
		};
		AB4659D229898C6600FE3751 /* Debug */ = {
			isa = XCBuildConfiguration;
			buildSettings = {
				ASSETCATALOG_COMPILER_APPICON_NAME = AppIcon;
				ASSETCATALOG_COMPILER_GLOBAL_ACCENT_COLOR_NAME = AccentColor;
				CODE_SIGN_ENTITLEMENTS = moreSums/moreSums.entitlements;
				CODE_SIGN_STYLE = Automatic;
				CURRENT_PROJECT_VERSION = 1;
				DEVELOPMENT_ASSET_PATHS = "\"moreSums/Preview Content\"";
				ENABLE_PREVIEWS = YES;
				GENERATE_INFOPLIST_FILE = YES;
				"INFOPLIST_KEY_UIApplicationSceneManifest_Generation[sdk=iphoneos*]" = YES;
				"INFOPLIST_KEY_UIApplicationSceneManifest_Generation[sdk=iphonesimulator*]" = YES;
				"INFOPLIST_KEY_UIApplicationSupportsIndirectInputEvents[sdk=iphoneos*]" = YES;
				"INFOPLIST_KEY_UIApplicationSupportsIndirectInputEvents[sdk=iphonesimulator*]" = YES;
				"INFOPLIST_KEY_UILaunchScreen_Generation[sdk=iphoneos*]" = YES;
				"INFOPLIST_KEY_UILaunchScreen_Generation[sdk=iphonesimulator*]" = YES;
				"INFOPLIST_KEY_UIStatusBarStyle[sdk=iphoneos*]" = UIStatusBarStyleDefault;
				"INFOPLIST_KEY_UIStatusBarStyle[sdk=iphonesimulator*]" = UIStatusBarStyleDefault;
				INFOPLIST_KEY_UISupportedInterfaceOrientations_iPad = "UIInterfaceOrientationPortrait UIInterfaceOrientationPortraitUpsideDown UIInterfaceOrientationLandscapeLeft UIInterfaceOrientationLandscapeRight";
				INFOPLIST_KEY_UISupportedInterfaceOrientations_iPhone = "UIInterfaceOrientationPortrait UIInterfaceOrientationLandscapeLeft UIInterfaceOrientationLandscapeRight";
				IPHONEOS_DEPLOYMENT_TARGET = 16.2;
				LD_RUNPATH_SEARCH_PATHS = "@executable_path/Frameworks";
				"LD_RUNPATH_SEARCH_PATHS[sdk=macosx*]" = "@executable_path/../Frameworks";
				MACOSX_DEPLOYMENT_TARGET = 13.1;
				MARKETING_VERSION = 1.0;
				PRODUCT_BUNDLE_IDENTIFIER = com.MV.moreSums;
				PRODUCT_NAME = "$(TARGET_NAME)";
				SDKROOT = auto;
				SUPPORTED_PLATFORMS = "iphoneos iphonesimulator macosx";
				SWIFT_EMIT_LOC_STRINGS = YES;
				SWIFT_VERSION = 5.0;
				TARGETED_DEVICE_FAMILY = "1,2";
			};
			name = Debug;
		};
		AB4659D329898C6600FE3751 /* Release */ = {
			isa = XCBuildConfiguration;
			buildSettings = {
				ASSETCATALOG_COMPILER_APPICON_NAME = AppIcon;
				ASSETCATALOG_COMPILER_GLOBAL_ACCENT_COLOR_NAME = AccentColor;
				CODE_SIGN_ENTITLEMENTS = moreSums/moreSums.entitlements;
				CODE_SIGN_STYLE = Automatic;
				CURRENT_PROJECT_VERSION = 1;
				DEVELOPMENT_ASSET_PATHS = "\"moreSums/Preview Content\"";
				ENABLE_PREVIEWS = YES;
				GENERATE_INFOPLIST_FILE = YES;
				"INFOPLIST_KEY_UIApplicationSceneManifest_Generation[sdk=iphoneos*]" = YES;
				"INFOPLIST_KEY_UIApplicationSceneManifest_Generation[sdk=iphonesimulator*]" = YES;
				"INFOPLIST_KEY_UIApplicationSupportsIndirectInputEvents[sdk=iphoneos*]" = YES;
				"INFOPLIST_KEY_UIApplicationSupportsIndirectInputEvents[sdk=iphonesimulator*]" = YES;
				"INFOPLIST_KEY_UILaunchScreen_Generation[sdk=iphoneos*]" = YES;
				"INFOPLIST_KEY_UILaunchScreen_Generation[sdk=iphonesimulator*]" = YES;
				"INFOPLIST_KEY_UIStatusBarStyle[sdk=iphoneos*]" = UIStatusBarStyleDefault;
				"INFOPLIST_KEY_UIStatusBarStyle[sdk=iphonesimulator*]" = UIStatusBarStyleDefault;
				INFOPLIST_KEY_UISupportedInterfaceOrientations_iPad = "UIInterfaceOrientationPortrait UIInterfaceOrientationPortraitUpsideDown UIInterfaceOrientationLandscapeLeft UIInterfaceOrientationLandscapeRight";
				INFOPLIST_KEY_UISupportedInterfaceOrientations_iPhone = "UIInterfaceOrientationPortrait UIInterfaceOrientationLandscapeLeft UIInterfaceOrientationLandscapeRight";
				IPHONEOS_DEPLOYMENT_TARGET = 16.2;
				LD_RUNPATH_SEARCH_PATHS = "@executable_path/Frameworks";
				"LD_RUNPATH_SEARCH_PATHS[sdk=macosx*]" = "@executable_path/../Frameworks";
				MACOSX_DEPLOYMENT_TARGET = 13.1;
				MARKETING_VERSION = 1.0;
				PRODUCT_BUNDLE_IDENTIFIER = com.MV.moreSums;
				PRODUCT_NAME = "$(TARGET_NAME)";
				SDKROOT = auto;
				SUPPORTED_PLATFORMS = "iphoneos iphonesimulator macosx";
				SWIFT_EMIT_LOC_STRINGS = YES;
				SWIFT_VERSION = 5.0;
				TARGETED_DEVICE_FAMILY = "1,2";
			};
			name = Release;
		};
		AB4659D529898C6600FE3751 /* Debug */ = {
			isa = XCBuildConfiguration;
			buildSettings = {
				ALWAYS_EMBED_SWIFT_STANDARD_LIBRARIES = YES;
				BUNDLE_LOADER = "$(TEST_HOST)";
				CODE_SIGN_STYLE = Automatic;
				CURRENT_PROJECT_VERSION = 1;
				GENERATE_INFOPLIST_FILE = YES;
				IPHONEOS_DEPLOYMENT_TARGET = 16.2;
				MACOSX_DEPLOYMENT_TARGET = 13.1;
				MARKETING_VERSION = 1.0;
				PRODUCT_BUNDLE_IDENTIFIER = com.MV.moreSumsTests;
				PRODUCT_NAME = "$(TARGET_NAME)";
				SDKROOT = auto;
				SUPPORTED_PLATFORMS = "iphoneos iphonesimulator macosx";
				SWIFT_EMIT_LOC_STRINGS = NO;
				SWIFT_VERSION = 5.0;
				TARGETED_DEVICE_FAMILY = "1,2";
				TEST_HOST = "$(BUILT_PRODUCTS_DIR)/moreSums.app/$(BUNDLE_EXECUTABLE_FOLDER_PATH)/moreSums";
			};
			name = Debug;
		};
		AB4659D629898C6600FE3751 /* Release */ = {
			isa = XCBuildConfiguration;
			buildSettings = {
				ALWAYS_EMBED_SWIFT_STANDARD_LIBRARIES = YES;
				BUNDLE_LOADER = "$(TEST_HOST)";
				CODE_SIGN_STYLE = Automatic;
				CURRENT_PROJECT_VERSION = 1;
				GENERATE_INFOPLIST_FILE = YES;
				IPHONEOS_DEPLOYMENT_TARGET = 16.2;
				MACOSX_DEPLOYMENT_TARGET = 13.1;
				MARKETING_VERSION = 1.0;
				PRODUCT_BUNDLE_IDENTIFIER = com.MV.moreSumsTests;
				PRODUCT_NAME = "$(TARGET_NAME)";
				SDKROOT = auto;
				SUPPORTED_PLATFORMS = "iphoneos iphonesimulator macosx";
				SWIFT_EMIT_LOC_STRINGS = NO;
				SWIFT_VERSION = 5.0;
				TARGETED_DEVICE_FAMILY = "1,2";
				TEST_HOST = "$(BUILT_PRODUCTS_DIR)/moreSums.app/$(BUNDLE_EXECUTABLE_FOLDER_PATH)/moreSums";
			};
			name = Release;
		};
		AB4659D829898C6600FE3751 /* Debug */ = {
			isa = XCBuildConfiguration;
			buildSettings = {
				ALWAYS_EMBED_SWIFT_STANDARD_LIBRARIES = YES;
				CODE_SIGN_STYLE = Automatic;
				CURRENT_PROJECT_VERSION = 1;
				GENERATE_INFOPLIST_FILE = YES;
				IPHONEOS_DEPLOYMENT_TARGET = 16.2;
				MACOSX_DEPLOYMENT_TARGET = 13.1;
				MARKETING_VERSION = 1.0;
				PRODUCT_BUNDLE_IDENTIFIER = com.MV.moreSumsUITests;
				PRODUCT_NAME = "$(TARGET_NAME)";
				SDKROOT = auto;
				SUPPORTED_PLATFORMS = "iphoneos iphonesimulator macosx";
				SWIFT_EMIT_LOC_STRINGS = NO;
				SWIFT_VERSION = 5.0;
				TARGETED_DEVICE_FAMILY = "1,2";
				TEST_TARGET_NAME = moreSums;
			};
			name = Debug;
		};
		AB4659D929898C6600FE3751 /* Release */ = {
			isa = XCBuildConfiguration;
			buildSettings = {
				ALWAYS_EMBED_SWIFT_STANDARD_LIBRARIES = YES;
				CODE_SIGN_STYLE = Automatic;
				CURRENT_PROJECT_VERSION = 1;
				GENERATE_INFOPLIST_FILE = YES;
				IPHONEOS_DEPLOYMENT_TARGET = 16.2;
				MACOSX_DEPLOYMENT_TARGET = 13.1;
				MARKETING_VERSION = 1.0;
				PRODUCT_BUNDLE_IDENTIFIER = com.MV.moreSumsUITests;
				PRODUCT_NAME = "$(TARGET_NAME)";
				SDKROOT = auto;
				SUPPORTED_PLATFORMS = "iphoneos iphonesimulator macosx";
				SWIFT_EMIT_LOC_STRINGS = NO;
				SWIFT_VERSION = 5.0;
				TARGETED_DEVICE_FAMILY = "1,2";
				TEST_TARGET_NAME = moreSums;
			};
			name = Release;
		};
/* End XCBuildConfiguration section */

/* Begin XCConfigurationList section */
		AB4659A729898C6500FE3751 /* Build configuration list for PBXProject "moreSums" */ = {
			isa = XCConfigurationList;
			buildConfigurations = (
				AB4659CF29898C6600FE3751 /* Debug */,
				AB4659D029898C6600FE3751 /* Release */,
			);
			defaultConfigurationIsVisible = 0;
			defaultConfigurationName = Release;
		};
		AB4659D129898C6600FE3751 /* Build configuration list for PBXNativeTarget "moreSums" */ = {
			isa = XCConfigurationList;
			buildConfigurations = (
				AB4659D229898C6600FE3751 /* Debug */,
				AB4659D329898C6600FE3751 /* Release */,
			);
			defaultConfigurationIsVisible = 0;
			defaultConfigurationName = Release;
		};
		AB4659D429898C6600FE3751 /* Build configuration list for PBXNativeTarget "moreSumsTests" */ = {
			isa = XCConfigurationList;
			buildConfigurations = (
				AB4659D529898C6600FE3751 /* Debug */,
				AB4659D629898C6600FE3751 /* Release */,
			);
			defaultConfigurationIsVisible = 0;
			defaultConfigurationName = Release;
		};
		AB4659D729898C6600FE3751 /* Build configuration list for PBXNativeTarget "moreSumsUITests" */ = {
			isa = XCConfigurationList;
			buildConfigurations = (
				AB4659D829898C6600FE3751 /* Debug */,
				AB4659D929898C6600FE3751 /* Release */,
			);
			defaultConfigurationIsVisible = 0;
			defaultConfigurationName = Release;
		};
/* End XCConfigurationList section */
	};
	rootObject = AB4659A429898C6500FE3751 /* Project object */;
}
